<?xml version="1.0" encoding="UTF-8" standalone="yes" ?>
<CodeBlocks_project_file>
	<FileVersion major="1" minor="6" />
	<Project>
		<Option title="GraphicsGLFW" />
		<Option pch_mode="2" />
		<Option compiler="gcc" />
		<Build>
			<Target title="Debug">
				<Option output="bin/Debug/GraphicsGLFW" prefix_auto="1" extension_auto="1" />
				<Option object_output="obj/Debug/" />
				<Option type="1" />
				<Option compiler="gcc" />
				<Compiler>
					<Add option="-g" />
				</Compiler>
			</Target>
			<Target title="Release">
				<Option output="bin/Release/GraphicsGLFW" prefix_auto="1" extension_auto="1" />
				<Option object_output="obj/Release/" />
				<Option type="0" />
				<Option compiler="gcc" />
				<Compiler>
					<Add option="-O2" />
				</Compiler>
				<Linker>
					<Add option="-s" />
				</Linker>
			</Target>
		</Build>
		<Compiler>
			<Add option="-std=c++11" />
			<Add option="-Wall" />
		</Compiler>
		<Linker>
			<Add option="-lglfw3" />
			<Add option="-lglew32.dll" />
			<Add option="-lassimp" />
			<Add option="-lpng" />
			<Add option="-lz" />
			<Add library="opengl32" />
			<Add library="glu32" />
			<Add library="gdi32" />
		</Linker>
		<Unit filename="Graphics/CShader.cpp" />
		<Unit filename="Graphics/CShader.h" />
		<Unit filename="Graphics/CTexture.cpp" />
		<Unit filename="Graphics/CTexture.h" />
		<Unit filename="Graphics/GraphicsCore.cpp" />
		<Unit filename="Graphics/GraphicsCore.h" />
		<Unit filename="app/AppDelegate.cpp" />
		<Unit filename="app/AppDelegate.h" />
		<Unit filename="app/OpenGLView.h" />
		<Unit filename="app/OpenGLViewController.cpp" />
		<Unit filename="app/OpenGLViewController.h" />
		<Unit filename="buffer/iBuffer.cpp" />
		<Unit filename="buffer/iBuffer.h" />
		<Unit filename="common/type.h" />
		<Unit filename="event/MouseEvent.cpp" />
		<Unit filename="event/MouseEvent.h" />
		<Unit filename="log/cmnlog.cpp" />
		<Unit filename="log/cmnlog.h" />
		<Unit filename="main.cpp" />
		<Unit filename="math/Camera.cpp" />
		<Unit filename="math/Camera.h" />
		<Unit filename="models/CModelParser.cpp" />
		<Unit filename="models/CModelParser.h" />
		<Unit filename="models/models.cpp" />
		<Unit filename="models/models.h" />
		<Extensions>
			<code_completion />
			<envvars />
			<debugger />
			<lib_finder disable_auto="1" />
		</Extensions>
	</Project>
</CodeBlocks_project_file>
